
Microsoft Visual Studio Solution File, Format Version 12.00
# Visual Studio Version 17
VisualStudioVersion = 17.3.32901.215
MinimumVisualStudioVersion = 10.0.40219.1
Project("{FAE04EC0-301F-11D3-BF4B-00C04F79EFBC}") = "csharp-gestore-eventi", "csharp-gestore-eventi.csproj", "{84C81A1E-1921-4085-A080-C070C9E9698B}"
EndProject
Global
	GlobalSection(SolutionConfigurationPlatforms) = preSolution
		Debug|Any CPU = Debug|Any CPU
		Release|Any CPU = Release|Any CPU
	EndGlobalSection
	GlobalSection(ProjectConfigurationPlatforms) = postSolution
		{84C81A1E-1921-4085-A080-C070C9E9698B}.Debug|Any CPU.ActiveCfg = Debug|Any CPU
		{84C81A1E-1921-4085-A080-C070C9E9698B}.Debug|Any CPU.Build.0 = Debug|Any CPU
		{84C81A1E-1921-4085-A080-C070C9E9698B}.Release|Any CPU.ActiveCfg = Release|Any CPU
		{84C81A1E-1921-4085-A080-C070C9E9698B}.Release|Any CPU.Build.0 = Release|Any CPU
	EndGlobalSection
	GlobalSection(SolutionProperties) = preSolution
		HideSolutionNode = FALSE
	EndGlobalSection
	GlobalSection(ExtensibilityGlobals) = postSolution
		SolutionGuid = {2C89B539-9FD7-4B87-8B33-C5B715520E9B}
	EndGlobalSection
EndGlobal
